
Microsoft Visual Studio Solution File, Format Version 12.00
# Visual Studio Version 16
VisualStudioVersion = 16.0.30225.117
MinimumVisualStudioVersion = 10.0.40219.1
Project("{FAE04EC0-301F-11D3-BF4B-00C04F79EFBC}") = "MvcSample", "MvcSample\MvcSample.csproj", "{72861AAD-0110-4AD2-878A-354C28B571EC}"
EndProject
Global
	GlobalSection(SolutionConfigurationPlatforms) = preSolution
		Debug|Any CPU = Debug|Any CPU
		Release|Any CPU = Release|Any CPU
	EndGlobalSection
	GlobalSection(ProjectConfigurationPlatforms) = postSolution
		{72861AAD-0110-4AD2-878A-354C28B571EC}.Debug|Any CPU.ActiveCfg = Debug|Any CPU
		{72861AAD-0110-4AD2-878A-354C28B571EC}.Debug|Any CPU.Build.0 = Debug|Any CPU
		{72861AAD-0110-4AD2-878A-354C28B571EC}.Release|Any CPU.ActiveCfg = Release|Any CPU
		{72861AAD-0110-4AD2-878A-354C28B571EC}.Release|Any CPU.Build.0 = Release|Any CPU
	EndGlobalSection
	GlobalSection(SolutionProperties) = preSolution
		HideSolutionNode = FALSE
	EndGlobalSection
	GlobalSection(ExtensibilityGlobals) = postSolution
		SolutionGuid = {DA144714-B676-4EB4-9066-0AF66A91E956}
	EndGlobalSection
EndGlobal
